
Microsoft Visual Studio Solution File, Format Version 12.00
# Visual Studio Version 17
VisualStudioVersion = 17.11.35312.102
MinimumVisualStudioVersion = 10.0.40219.1
Project("{FAE04EC0-301F-11D3-BF4B-00C04F79EFBC}") = "Ultimod", "Ultimod\Ultimod.csproj", "{7AB95CBC-5B62-4C5A-A956-17FBAF3ECAF1}"
EndProject
Global
	GlobalSection(SolutionConfigurationPlatforms) = preSolution
		Debug|Any CPU = Debug|Any CPU
		Dev|Any CPU = Dev|Any CPU
		Release|Any CPU = Release|Any CPU
	EndGlobalSection
	GlobalSection(ProjectConfigurationPlatforms) = postSolution
		{7AB95CBC-5B62-4C5A-A956-17FBAF3ECAF1}.Debug|Any CPU.ActiveCfg = Debug|Any CPU
		{7AB95CBC-5B62-4C5A-A956-17FBAF3ECAF1}.Debug|Any CPU.Build.0 = Debug|Any CPU
		{7AB95CBC-5B62-4C5A-A956-17FBAF3ECAF1}.Dev|Any CPU.ActiveCfg = Dev|Any CPU
		{7AB95CBC-5B62-4C5A-A956-17FBAF3ECAF1}.Dev|Any CPU.Build.0 = Dev|Any CPU
		{7AB95CBC-5B62-4C5A-A956-17FBAF3ECAF1}.Release|Any CPU.ActiveCfg = Release|Any CPU
		{7AB95CBC-5B62-4C5A-A956-17FBAF3ECAF1}.Release|Any CPU.Build.0 = Release|Any CPU
	EndGlobalSection
	GlobalSection(SolutionProperties) = preSolution
		HideSolutionNode = FALSE
	EndGlobalSection
	GlobalSection(ExtensibilityGlobals) = postSolution
		SolutionGuid = {A0D420DA-812C-444C-AF17-6DD6AF44FC2E}
	EndGlobalSection
EndGlobal
